
Microsoft Visual Studio Solution File, Format Version 12.00
# Visual Studio Version 16
VisualStudioVersion = 16.0.30804.86
MinimumVisualStudioVersion = 10.0.40219.1
Project("{FAE04EC0-301F-11D3-BF4B-00C04F79EFBC}") = "WebApplication6", "WebApplication6\WebApplication6.csproj", "{F23913AC-FA45-4C82-AB8E-4235004E8121}"
EndProject
Global
	GlobalSection(SolutionConfigurationPlatforms) = preSolution
		Debug|Any CPU = Debug|Any CPU
		Release|Any CPU = Release|Any CPU
	EndGlobalSection
	GlobalSection(ProjectConfigurationPlatforms) = postSolution
		{F23913AC-FA45-4C82-AB8E-4235004E8121}.Debug|Any CPU.ActiveCfg = Debug|Any CPU
		{F23913AC-FA45-4C82-AB8E-4235004E8121}.Debug|Any CPU.Build.0 = Debug|Any CPU
		{F23913AC-FA45-4C82-AB8E-4235004E8121}.Release|Any CPU.ActiveCfg = Release|Any CPU
		{F23913AC-FA45-4C82-AB8E-4235004E8121}.Release|Any CPU.Build.0 = Release|Any CPU
	EndGlobalSection
	GlobalSection(SolutionProperties) = preSolution
		HideSolutionNode = FALSE
	EndGlobalSection
	GlobalSection(ExtensibilityGlobals) = postSolution
		SolutionGuid = {075B5A6E-822B-4F1F-A9EC-8425EC511B80}
	EndGlobalSection
EndGlobal
